
Microsoft Visual Studio Solution File, Format Version 12.00
# Visual Studio Express 2013 for Windows Desktop
VisualStudioVersion = 12.0.30501.0
MinimumVisualStudioVersion = 10.0.40219.1
Project("{FAE04EC0-301F-11D3-BF4B-00C04F79EFBC}") = "SlimDxGame", "SlimDxGame\SlimDxGame.csproj", "{3DB42C09-2EE7-4159-BF24-694589A0541B}"
EndProject
Project("{FAE04EC0-301F-11D3-BF4B-00C04F79EFBC}") = "SlimDxGameTest", "SlimDxGameTest\SlimDxGameTest.csproj", "{0F2E226F-3AAF-4A5D-ADC1-319F19C9189A}"
EndProject
Global
	GlobalSection(SolutionConfigurationPlatforms) = preSolution
		Debug|Any CPU = Debug|Any CPU
		Release|Any CPU = Release|Any CPU
	EndGlobalSection
	GlobalSection(ProjectConfigurationPlatforms) = postSolution
		{3DB42C09-2EE7-4159-BF24-694589A0541B}.Debug|Any CPU.ActiveCfg = Debug|Any CPU
		{3DB42C09-2EE7-4159-BF24-694589A0541B}.Debug|Any CPU.Build.0 = Debug|Any CPU
		{3DB42C09-2EE7-4159-BF24-694589A0541B}.Release|Any CPU.ActiveCfg = Release|Any CPU
		{3DB42C09-2EE7-4159-BF24-694589A0541B}.Release|Any CPU.Build.0 = Release|Any CPU
		{0F2E226F-3AAF-4A5D-ADC1-319F19C9189A}.Debug|Any CPU.ActiveCfg = Debug|Any CPU
		{0F2E226F-3AAF-4A5D-ADC1-319F19C9189A}.Debug|Any CPU.Build.0 = Debug|Any CPU
		{0F2E226F-3AAF-4A5D-ADC1-319F19C9189A}.Release|Any CPU.ActiveCfg = Release|Any CPU
		{0F2E226F-3AAF-4A5D-ADC1-319F19C9189A}.Release|Any CPU.Build.0 = Release|Any CPU
	EndGlobalSection
	GlobalSection(SolutionProperties) = preSolution
		HideSolutionNode = FALSE
	EndGlobalSection
EndGlobal
